
Microsoft Visual Studio Solution File, Format Version 12.00
# Visual Studio Version 16
VisualStudioVersion = 16.0.30503.244
MinimumVisualStudioVersion = 10.0.40219.1
Project("{FAE04EC0-301F-11D3-BF4B-00C04F79EFBC}") = "GithubCTest", "GithubCTest\GithubCTest.csproj", "{894BA862-0580-4276-858C-BA7BAA2430BF}"
EndProject
Global
	GlobalSection(SolutionConfigurationPlatforms) = preSolution
		Debug|Any CPU = Debug|Any CPU
		Release|Any CPU = Release|Any CPU
	EndGlobalSection
	GlobalSection(ProjectConfigurationPlatforms) = postSolution
		{894BA862-0580-4276-858C-BA7BAA2430BF}.Debug|Any CPU.ActiveCfg = Debug|Any CPU
		{894BA862-0580-4276-858C-BA7BAA2430BF}.Debug|Any CPU.Build.0 = Debug|Any CPU
		{894BA862-0580-4276-858C-BA7BAA2430BF}.Release|Any CPU.ActiveCfg = Release|Any CPU
		{894BA862-0580-4276-858C-BA7BAA2430BF}.Release|Any CPU.Build.0 = Release|Any CPU
	EndGlobalSection
	GlobalSection(SolutionProperties) = preSolution
		HideSolutionNode = FALSE
	EndGlobalSection
	GlobalSection(ExtensibilityGlobals) = postSolution
		SolutionGuid = {E15AA976-00DD-4FD8-A61B-C7B4F92B142C}
	EndGlobalSection
EndGlobal
